// !$*UTF8*$!
{
	archiveVersion = 1;
	classes = {
	};
	objectVersion = 46;
	objects = {

/* Begin PBXBuildFile section */
		39D0E2821D81E63C00E62938 /* main.m in Sources */ = {isa = PBXBuildFile; fileRef = 39D0E2811D81E63C00E62938 /* main.m */; };
		39D0E28A1D81E7C800E62938 /* Doctor.m in Sources */ = {isa = PBXBuildFile; fileRef = 39D0E2891D81E7C800E62938 /* Doctor.m */; };
		39D0E28D1D81E7D100E62938 /* Patient.m in Sources */ = {isa = PBXBuildFile; fileRef = 39D0E28C1D81E7D100E62938 /* Patient.m */; };
		39D0E2901D82009800E62938 /* Prescription.m in Sources */ = {isa = PBXBuildFile; fileRef = 39D0E28F1D82009800E62938 /* Prescription.m */; };
/* End PBXBuildFile section */

/* Begin PBXCopyFilesBuildPhase section */
		39D0E27C1D81E63C00E62938 /* CopyFiles */ = {
			isa = PBXCopyFilesBuildPhase;
			buildActionMask = 2147483647;
			dstPath = /usr/share/man/man1/;
			dstSubfolderSpec = 0;
			files = (
			);
			runOnlyForDeploymentPostprocessing = 1;
		};
/* End PBXCopyFilesBuildPhase section */

/* Begin PBXFileReference section */
		39D0E27E1D81E63C00E62938 /* DoctorPatientRedo */ = {isa = PBXFileReference; explicitFileType = "compiled.mach-o.executable"; includeInIndex = 0; path = DoctorPatientRedo; sourceTree = BUILT_PRODUCTS_DIR; };
		39D0E2811D81E63C00E62938 /* main.m */ = {isa = PBXFileReference; lastKnownFileType = sourcecode.c.objc; path = main.m; sourceTree = "<group>"; };
		39D0E2881D81E7C800E62938 /* Doctor.h */ = {isa = PBXFileReference; fileEncoding = 4; lastKnownFileType = sourcecode.c.h; path = Doctor.h; sourceTree = "<group>"; };
		39D0E2891D81E7C800E62938 /* Doctor.m */ = {isa = PBXFileReference; fileEncoding = 4; lastKnownFileType = sourcecode.c.objc; path = Doctor.m; sourceTree = "<group>"; };
		39D0E28B1D81E7D100E62938 /* Patient.h */ = {isa = PBXFileReference; fileEncoding = 4; lastKnownFileType = sourcecode.c.h; path = Patient.h; sourceTree = "<group>"; };
		39D0E28C1D81E7D100E62938 /* Patient.m */ = {isa = PBXFileReference; fileEncoding = 4; lastKnownFileType = sourcecode.c.objc; path = Patient.m; sourceTree = "<group>"; };
		39D0E28E1D82009800E62938 /* Prescription.h */ = {isa = PBXFileReference; fileEncoding = 4; lastKnownFileType = sourcecode.c.h; path = Prescription.h; sourceTree = "<group>"; };
		39D0E28F1D82009800E62938 /* Prescription.m */ = {isa = PBXFileReference; fileEncoding = 4; lastKnownFileType = sourcecode.c.objc; path = Prescription.m; sourceTree = "<group>"; };
/* End PBXFileReference section */

/* Begin PBXFrameworksBuildPhase section */
		39D0E27B1D81E63C00E62938 /* Frameworks */ = {
			isa = PBXFrameworksBuildPhase;
			buildActionMask = 2147483647;
			files = (
			);
			runOnlyForDeploymentPostprocessing = 0;
		};
/* End PBXFrameworksBuildPhase section */

/* Begin PBXGroup section */
		39D0E2751D81E63C00E62938 = {
			isa = PBXGroup;
			children = (
				39D0E2801D81E63C00E62938 /* DoctorPatientRedo */,
				39D0E27F1D81E63C00E62938 /* Products */,
			);
			sourceTree = "<group>";
		};
		39D0E27F1D81E63C00E62938 /* Products */ = {
			isa = PBXGroup;
			children = (
				39D0E27E1D81E63C00E62938 /* DoctorPatientRedo */,
			);
			name = Products;
			sourceTree = "<group>";
		};
		39D0E2801D81E63C00E62938 /* DoctorPatientRedo */ = {
			isa = PBXGroup;
			children = (
				39D0E2811D81E63C00E62938 /* main.m */,
				39D0E28E1D82009800E62938 /* Prescription.h */,
				39D0E28F1D82009800E62938 /* Prescription.m */,
				39D0E2881D81E7C800E62938 /* Doctor.h */,
				39D0E2891D81E7C800E62938 /* Doctor.m */,
				39D0E28B1D81E7D100E62938 /* Patient.h */,
				39D0E28C1D81E7D100E62938 /* Patient.m */,
			);
			path = DoctorPatientRedo;
			sourceTree = "<group>";
		};
/* End PBXGroup section */

/* Begin PBXNativeTarget section */
		39D0E27D1D81E63C00E62938 /* DoctorPatientRedo */ = {
			isa = PBXNativeTarget;
			buildConfigurationList = 39D0E2851D81E63C00E62938 /* Build configuration list for PBXNativeTarget "DoctorPatientRedo" */;
			buildPhases = (
				39D0E27A1D81E63C00E62938 /* Sources */,
				39D0E27B1D81E63C00E62938 /* Frameworks */,
				39D0E27C1D81E63C00E62938 /* CopyFiles */,
			);
			buildRules = (
			);
			dependencies = (
			);
			name = DoctorPatientRedo;
			productName = DoctorPatientRedo;
			productReference = 39D0E27E1D81E63C00E62938 /* DoctorPatientRedo */;
			productType = "com.apple.product-type.tool";
		};
/* End PBXNativeTarget section */

/* Begin PBXProject section */
		39D0E2761D81E63C00E62938 /* Project object */ = {
			isa = PBXProject;
			attributes = {
				LastUpgradeCheck = 0730;
				ORGANIZATIONNAME = "naomi schettini";
				TargetAttributes = {
					39D0E27D1D81E63C00E62938 = {
						CreatedOnToolsVersion = 7.3.1;
					};
				};
			};
			buildConfigurationList = 39D0E2791D81E63C00E62938 /* Build configuration list for PBXProject "DoctorPatientRedo" */;
			compatibilityVersion = "Xcode 3.2";
			developmentRegion = English;
			hasScannedForEncodings = 0;
			knownRegions = (
				en,
			);
			mainGroup = 39D0E2751D81E63C00E62938;
			productRefGroup = 39D0E27F1D81E63C00E62938 /* Products */;
			projectDirPath = "";
			projectRoot = "";
			targets = (
				39D0E27D1D81E63C00E62938 /* DoctorPatientRedo */,
			);
		};
/* End PBXProject section */

/* Begin PBXSourcesBuildPhase section */
		39D0E27A1D81E63C00E62938 /* Sources */ = {
			isa = PBXSourcesBuildPhase;
			buildActionMask = 2147483647;
			files = (
				39D0E28D1D81E7D100E62938 /* Patient.m in Sources */,
				39D0E28A1D81E7C800E62938 /* Doctor.m in Sources */,
				39D0E2821D81E63C00E62938 /* main.m in Sources */,
				39D0E2901D82009800E62938 /* Prescription.m in Sources */,
			);
			runOnlyForDeploymentPostprocessing = 0;
		};
/* End PBXSourcesBuildPhase section */

/* Begin XCBuildConfiguration section */
		39D0E2831D81E63C00E62938 /* Debug */ = {
			isa = XCBuildConfiguration;
			buildSettings = {
				ALWAYS_SEARCH_USER_PATHS = NO;
				CLANG_ANALYZER_NONNULL = YES;
				CLANG_CXX_LANGUAGE_STANDARD = "gnu++0x";
				CLANG_CXX_LIBRARY = "libc++";
				CLANG_ENABLE_MODULES = YES;
				CLANG_ENABLE_OBJC_ARC = YES;
				CLANG_WARN_BOOL_CONVERSION = YES;
				CLANG_WARN_CONSTANT_CONVERSION = YES;
				CLANG_WARN_DIRECT_OBJC_ISA_USAGE = YES_ERROR;
				CLANG_WARN_EMPTY_BODY = YES;
				CLANG_WARN_ENUM_CONVERSION = YES;
				CLANG_WARN_INT_CONVERSION = YES;
				CLANG_WARN_OBJC_ROOT_CLASS = YES_ERROR;
				CLANG_WARN_UNREACHABLE_CODE = YES;
				CLANG_WARN__DUPLICATE_METHOD_MATCH = YES;
				CODE_SIGN_IDENTITY = "-";
				COPY_PHASE_STRIP = NO;
				DEBUG_INFORMATION_FORMAT = dwarf;
				ENABLE_STRICT_OBJC_MSGSEND = YES;
				ENABLE_TESTABILITY = YES;
				GCC_C_LANGUAGE_STANDARD = gnu99;
				GCC_DYNAMIC_NO_PIC = NO;
				GCC_NO_COMMON_BLOCKS = YES;
				GCC_OPTIMIZATION_LEVEL = 0;
				GCC_PREPROCESSOR_DEFINITIONS = (
					"DEBUG=1",
					"$(inherited)",
				);
				GCC_WARN_64_TO_32_BIT_CONVERSION = YES;
				GCC_WARN_ABOUT_RETURN_TYPE = YES_ERROR;
				GCC_WARN_UNDECLARED_SELECTOR = YES;
				GCC_WARN_UNINITIALIZED_AUTOS = YES_AGGRESSIVE;
				GCC_WARN_UNUSED_FUNCTION = YES;
				GCC_WARN_UNUSED_VARIABLE = YES;
				MACOSX_DEPLOYMENT_TARGET = 10.11;
				MTL_ENABLE_DEBUG_INFO = YES;
				ONLY_ACTIVE_ARCH = YES;
				SDKROOT = macosx;
			};
			name = Debug;
		};
		39D0E2841D81E63C00E62938 /* Release */ = {
			isa = XCBuildConfiguration;
			buildSettings = {
				ALWAYS_SEARCH_USER_PATHS = NO;
				CLANG_ANALYZER_NONNULL = YES;
				CLANG_CXX_LANGUAGE_STANDARD = "gnu++0x";
				CLANG_CXX_LIBRARY = "libc++";
				CLANG_ENABLE_MODULES = YES;
				CLANG_ENABLE_OBJC_ARC = YES;
				CLANG_WARN_BOOL_CONVERSION = YES;
				CLANG_WARN_CONSTANT_CONVERSION = YES;
				CLANG_WARN_DIRECT_OBJC_ISA_USAGE = YES_ERROR;
				CLANG_WARN_EMPTY_BODY = YES;
				CLANG_WARN_ENUM_CONVERSION = YES;
				CLANG_WARN_INT_CONVERSION = YES;
				CLANG_WARN_OBJC_ROOT_CLASS = YES_ERROR;
				CLANG_WARN_UNREACHABLE_CODE = YES;
				CLANG_WARN__DUPLICATE_METHOD_MATCH = YES;
				CODE_SIGN_IDENTITY = "-";
				COPY_PHASE_STRIP = NO;
				DEBUG_INFORMATION_FORMAT = "dwarf-with-dsym";
				ENABLE_NS_ASSERTIONS = NO;
				ENABLE_STRICT_OBJC_MSGSEND = YES;
				GCC_C_LANGUAGE_STANDARD = gnu99;
				GCC_NO_COMMON_BLOCKS = YES;
				GCC_WARN_64_TO_32_BIT_CONVERSION = YES;
				GCC_WARN_ABOUT_RETURN_TYPE = YES_ERROR;
				GCC_WARN_UNDECLARED_SELECTOR = YES;
				GCC_WARN_UNINITIALIZED_AUTOS = YES_AGGRESSIVE;
				GCC_WARN_UNUSED_FUNCTION = YES;
				GCC_WARN_UNUSED_VARIABLE = YES;
				MACOSX_DEPLOYMENT_TARGET = 10.11;
				MTL_ENABLE_DEBUG_INFO = NO;
				SDKROOT = macosx;
			};
			name = Release;
		};
		39D0E2861D81E63C00E62938 /* Debug */ = {
			isa = XCBuildConfiguration;
			buildSettings = {
				PRODUCT_NAME = "$(TARGET_NAME)";
			};
			name = Debug;
		};
		39D0E2871D81E63C00E62938 /* Release */ = {
			isa = XCBuildConfiguration;
			buildSettings = {
				PRODUCT_NAME = "$(TARGET_NAME)";
			};
			name = Release;
		};
/* End XCBuildConfiguration section */

/* Begin XCConfigurationList section */
		39D0E2791D81E63C00E62938 /* Build configuration list for PBXProject "DoctorPatientRedo" */ = {
			isa = XCConfigurationList;
			buildConfigurations = (
				39D0E2831D81E63C00E62938 /* Debug */,
				39D0E2841D81E63C00E62938 /* Release */,
			);
			defaultConfigurationIsVisible = 0;
			defaultConfigurationName = Release;
		};
		39D0E2851D81E63C00E62938 /* Build configuration list for PBXNativeTarget "DoctorPatientRedo" */ = {
			isa = XCConfigurationList;
			buildConfigurations = (
				39D0E2861D81E63C00E62938 /* Debug */,
				39D0E2871D81E63C00E62938 /* Release */,
			);
			defaultConfigurationIsVisible = 0;
		};
/* End XCConfigurationList section */
	};
	rootObject = 39D0E2761D81E63C00E62938 /* Project object */;
}
